
Microsoft Visual Studio Solution File, Format Version 12.00
# Visual Studio Version 17
VisualStudioVersion = 17.0.31903.59
MinimumVisualStudioVersion = 10.0.40219.1
Project("{2150E333-8FDC-42A3-9474-1A3956D46DE8}") = "src", "src", "{827E0CD3-B72D-47B6-A68D-7590B98EB39B}"
EndProject
Project("{FAE04EC0-301F-11D3-BF4B-00C04F79EFBC}") = "DeskNest.Core", "src\DeskNest.Core\DeskNest.Core.csproj", "{DB5230B7-C6AC-4C56-972A-BE872A3E602D}"
EndProject
Project("{FAE04EC0-301F-11D3-BF4B-00C04F79EFBC}") = "DeskNest.Platform", "src\DeskNest.Platform\DeskNest.Platform.csproj", "{FBA16627-0B46-4D12-BC70-7AEE528AD6B2}"
EndProject
Project("{FAE04EC0-301F-11D3-BF4B-00C04F79EFBC}") = "DeskNest.Inference", "src\DeskNest.Inference\DeskNest.Inference.csproj", "{C8ED09B5-3775-4FF8-A2D8-20FFEBC9E6DD}"
EndProject
Project("{FAE04EC0-301F-11D3-BF4B-00C04F79EFBC}") = "DeskNest.App", "src\DeskNest.App\DeskNest.App.csproj", "{98FD6251-0B38-4934-B503-786D5414E310}"
EndProject
Global
	GlobalSection(SolutionConfigurationPlatforms) = preSolution
		Debug|Any CPU = Debug|Any CPU
		Debug|x64 = Debug|x64
		Debug|x86 = Debug|x86
		Release|Any CPU = Release|Any CPU
		Release|x64 = Release|x64
		Release|x86 = Release|x86
	EndGlobalSection
	GlobalSection(ProjectConfigurationPlatforms) = postSolution
		{DB5230B7-C6AC-4C56-972A-BE872A3E602D}.Debug|Any CPU.ActiveCfg = Debug|Any CPU
		{DB5230B7-C6AC-4C56-972A-BE872A3E602D}.Debug|Any CPU.Build.0 = Debug|Any CPU
		{DB5230B7-C6AC-4C56-972A-BE872A3E602D}.Debug|x64.ActiveCfg = Debug|Any CPU
		{DB5230B7-C6AC-4C56-972A-BE872A3E602D}.Debug|x64.Build.0 = Debug|Any CPU
		{DB5230B7-C6AC-4C56-972A-BE872A3E602D}.Debug|x86.ActiveCfg = Debug|Any CPU
		{DB5230B7-C6AC-4C56-972A-BE872A3E602D}.Debug|x86.Build.0 = Debug|Any CPU
		{DB5230B7-C6AC-4C56-972A-BE872A3E602D}.Release|Any CPU.ActiveCfg = Release|Any CPU
		{DB5230B7-C6AC-4C56-972A-BE872A3E602D}.Release|Any CPU.Build.0 = Release|Any CPU
		{DB5230B7-C6AC-4C56-972A-BE872A3E602D}.Release|x64.ActiveCfg = Release|Any CPU
		{DB5230B7-C6AC-4C56-972A-BE872A3E602D}.Release|x64.Build.0 = Release|Any CPU
		{DB5230B7-C6AC-4C56-972A-BE872A3E602D}.Release|x86.ActiveCfg = Release|Any CPU
		{DB5230B7-C6AC-4C56-972A-BE872A3E602D}.Release|x86.Build.0 = Release|Any CPU
		{FBA16627-0B46-4D12-BC70-7AEE528AD6B2}.Debug|Any CPU.ActiveCfg = Debug|Any CPU
		{FBA16627-0B46-4D12-BC70-7AEE528AD6B2}.Debug|Any CPU.Build.0 = Debug|Any CPU
		{FBA16627-0B46-4D12-BC70-7AEE528AD6B2}.Debug|x64.ActiveCfg = Debug|Any CPU
		{FBA16627-0B46-4D12-BC70-7AEE528AD6B2}.Debug|x64.Build.0 = Debug|Any CPU
		{FBA16627-0B46-4D12-BC70-7AEE528AD6B2}.Debug|x86.ActiveCfg = Debug|Any CPU
		{FBA16627-0B46-4D12-BC70-7AEE528AD6B2}.Debug|x86.Build.0 = Debug|Any CPU
		{FBA16627-0B46-4D12-BC70-7AEE528AD6B2}.Release|Any CPU.ActiveCfg = Release|Any CPU
		{FBA16627-0B46-4D12-BC70-7AEE528AD6B2}.Release|Any CPU.Build.0 = Release|Any CPU
		{FBA16627-0B46-4D12-BC70-7AEE528AD6B2}.Release|x64.ActiveCfg = Release|Any CPU
		{FBA16627-0B46-4D12-BC70-7AEE528AD6B2}.Release|x64.Build.0 = Release|Any CPU
		{FBA16627-0B46-4D12-BC70-7AEE528AD6B2}.Release|x86.ActiveCfg = Release|Any CPU
		{FBA16627-0B46-4D12-BC70-7AEE528AD6B2}.Release|x86.Build.0 = Release|Any CPU
		{C8ED09B5-3775-4FF8-A2D8-20FFEBC9E6DD}.Debug|Any CPU.ActiveCfg = Debug|Any CPU
		{C8ED09B5-3775-4FF8-A2D8-20FFEBC9E6DD}.Debug|Any CPU.Build.0 = Debug|Any CPU
		{C8ED09B5-3775-4FF8-A2D8-20FFEBC9E6DD}.Debug|x64.ActiveCfg = Debug|Any CPU
		{C8ED09B5-3775-4FF8-A2D8-20FFEBC9E6DD}.Debug|x64.Build.0 = Debug|Any CPU
		{C8ED09B5-3775-4FF8-A2D8-20FFEBC9E6DD}.Debug|x86.ActiveCfg = Debug|Any CPU
		{C8ED09B5-3775-4FF8-A2D8-20FFEBC9E6DD}.Debug|x86.Build.0 = Debug|Any CPU
		{C8ED09B5-3775-4FF8-A2D8-20FFEBC9E6DD}.Release|Any CPU.ActiveCfg = Release|Any CPU
		{C8ED09B5-3775-4FF8-A2D8-20FFEBC9E6DD}.Release|Any CPU.Build.0 = Release|Any CPU
		{C8ED09B5-3775-4FF8-A2D8-20FFEBC9E6DD}.Release|x64.ActiveCfg = Release|Any CPU
		{C8ED09B5-3775-4FF8-A2D8-20FFEBC9E6DD}.Release|x64.Build.0 = Release|Any CPU
		{C8ED09B5-3775-4FF8-A2D8-20FFEBC9E6DD}.Release|x86.ActiveCfg = Release|Any CPU
		{C8ED09B5-3775-4FF8-A2D8-20FFEBC9E6DD}.Release|x86.Build.0 = Release|Any CPU
		{98FD6251-0B38-4934-B503-786D5414E310}.Debug|Any CPU.ActiveCfg = Debug|Any CPU
		{98FD6251-0B38-4934-B503-786D5414E310}.Debug|Any CPU.Build.0 = Debug|Any CPU
		{98FD6251-0B38-4934-B503-786D5414E310}.Debug|x64.ActiveCfg = Debug|Any CPU
		{98FD6251-0B38-4934-B503-786D5414E310}.Debug|x64.Build.0 = Debug|Any CPU
		{98FD6251-0B38-4934-B503-786D5414E310}.Debug|x86.ActiveCfg = Debug|Any CPU
		{98FD6251-0B38-4934-B503-786D5414E310}.Debug|x86.Build.0 = Debug|Any CPU
		{98FD6251-0B38-4934-B503-786D5414E310}.Release|Any CPU.ActiveCfg = Release|Any CPU
		{98FD6251-0B38-4934-B503-786D5414E310}.Release|Any CPU.Build.0 = Release|Any CPU
		{98FD6251-0B38-4934-B503-786D5414E310}.Release|x64.ActiveCfg = Release|Any CPU
		{98FD6251-0B38-4934-B503-786D5414E310}.Release|x64.Build.0 = Release|Any CPU
		{98FD6251-0B38-4934-B503-786D5414E310}.Release|x86.ActiveCfg = Release|Any CPU
		{98FD6251-0B38-4934-B503-786D5414E310}.Release|x86.Build.0 = Release|Any CPU
	EndGlobalSection
	GlobalSection(SolutionProperties) = preSolution
		HideSolutionNode = FALSE
	EndGlobalSection
	GlobalSection(NestedProjects) = preSolution
		{DB5230B7-C6AC-4C56-972A-BE872A3E602D} = {827E0CD3-B72D-47B6-A68D-7590B98EB39B}
		{FBA16627-0B46-4D12-BC70-7AEE528AD6B2} = {827E0CD3-B72D-47B6-A68D-7590B98EB39B}
		{C8ED09B5-3775-4FF8-A2D8-20FFEBC9E6DD} = {827E0CD3-B72D-47B6-A68D-7590B98EB39B}
		{98FD6251-0B38-4934-B503-786D5414E310} = {827E0CD3-B72D-47B6-A68D-7590B98EB39B}
	EndGlobalSection
EndGlobal
